// !$*UTF8*$!
{
	archiveVersion = 1;
	classes = {
	};
	objectVersion = 46;
	objects = {

/* Begin PBXBuildFile section */
		4D3E05881BC3669A003E8A10 /* main.m in Sources */ = {isa = PBXBuildFile; fileRef = 4D3E05871BC3669A003E8A10 /* main.m */; };
		4D3E058B1BC3669A003E8A10 /* AppDelegate.m in Sources */ = {isa = PBXBuildFile; fileRef = 4D3E058A1BC3669A003E8A10 /* AppDelegate.m */; };
		4D3E058E1BC3669A003E8A10 /* ViewController.m in Sources */ = {isa = PBXBuildFile; fileRef = 4D3E058D1BC3669A003E8A10 /* ViewController.m */; };
		4D3E05911BC3669A003E8A10 /* Main.storyboard in Resources */ = {isa = PBXBuildFile; fileRef = 4D3E058F1BC3669A003E8A10 /* Main.storyboard */; };
		4D3E05931BC3669A003E8A10 /* Assets.xcassets in Resources */ = {isa = PBXBuildFile; fileRef = 4D3E05921BC3669A003E8A10 /* Assets.xcassets */; };
		4D3E05961BC3669A003E8A10 /* LaunchScreen.storyboard in Resources */ = {isa = PBXBuildFile; fileRef = 4D3E05941BC3669A003E8A10 /* LaunchScreen.storyboard */; };
		4D3E05A11BC3669A003E8A10 /* HCDReactiveCocoaTests.m in Sources */ = {isa = PBXBuildFile; fileRef = 4D3E05A01BC3669A003E8A10 /* HCDReactiveCocoaTests.m */; };
		4D3E05AC1BC3669A003E8A10 /* HCDReactiveCocoaUITests.m in Sources */ = {isa = PBXBuildFile; fileRef = 4D3E05AB1BC3669A003E8A10 /* HCDReactiveCocoaUITests.m */; };
		4D5DA5341BC367FD00684451 /* HCDGalleryFlowLayout.m in Sources */ = {isa = PBXBuildFile; fileRef = 4D5DA5331BC367FD00684451 /* HCDGalleryFlowLayout.m */; settings = {ASSET_TAGS = (); }; };
		4D5DA5381BC37C5200684451 /* HCDPhotoModel.m in Sources */ = {isa = PBXBuildFile; fileRef = 4D5DA5371BC37C5200684451 /* HCDPhotoModel.m */; settings = {ASSET_TAGS = (); }; };
		4D5DA53B1BC37C9800684451 /* HCDPhotoImporter.m in Sources */ = {isa = PBXBuildFile; fileRef = 4D5DA53A1BC37C9800684451 /* HCDPhotoImporter.m */; settings = {ASSET_TAGS = (); }; };
		4DF07E901BC3679000BC2DBC /* HCDGalleryViewController.m in Sources */ = {isa = PBXBuildFile; fileRef = 4DF07E8F1BC3679000BC2DBC /* HCDGalleryViewController.m */; };
		C89F90A8E939C40249CADA58 /* libPods-HCDReactiveCocoa.a in Frameworks */ = {isa = PBXBuildFile; fileRef = 156DEC2B4853EDAA6F6E1C8A /* libPods-HCDReactiveCocoa.a */; };
/* End PBXBuildFile section */

/* Begin PBXContainerItemProxy section */
		4D3E059D1BC3669A003E8A10 /* PBXContainerItemProxy */ = {
			isa = PBXContainerItemProxy;
			containerPortal = 4D3E057B1BC3669A003E8A10 /* Project object */;
			proxyType = 1;
			remoteGlobalIDString = 4D3E05821BC3669A003E8A10;
			remoteInfo = HCDReactiveCocoa;
		};
		4D3E05A81BC3669A003E8A10 /* PBXContainerItemProxy */ = {
			isa = PBXContainerItemProxy;
			containerPortal = 4D3E057B1BC3669A003E8A10 /* Project object */;
			proxyType = 1;
			remoteGlobalIDString = 4D3E05821BC3669A003E8A10;
			remoteInfo = HCDReactiveCocoa;
		};
/* End PBXContainerItemProxy section */

/* Begin PBXFileReference section */
		0A18BFD88D426C1D153D1513 /* Pods-HCDReactiveCocoa.release.xcconfig */ = {isa = PBXFileReference; includeInIndex = 1; lastKnownFileType = text.xcconfig; name = "Pods-HCDReactiveCocoa.release.xcconfig"; path = "Pods/Target Support Files/Pods-HCDReactiveCocoa/Pods-HCDReactiveCocoa.release.xcconfig"; sourceTree = "<group>"; };
		10653CF09F619E86191D9EC3 /* Pods-HCDReactiveCocoa.debug.xcconfig */ = {isa = PBXFileReference; includeInIndex = 1; lastKnownFileType = text.xcconfig; name = "Pods-HCDReactiveCocoa.debug.xcconfig"; path = "Pods/Target Support Files/Pods-HCDReactiveCocoa/Pods-HCDReactiveCocoa.debug.xcconfig"; sourceTree = "<group>"; };
		156DEC2B4853EDAA6F6E1C8A /* libPods-HCDReactiveCocoa.a */ = {isa = PBXFileReference; explicitFileType = archive.ar; includeInIndex = 0; path = "libPods-HCDReactiveCocoa.a"; sourceTree = BUILT_PRODUCTS_DIR; };
		4D3E05831BC3669A003E8A10 /* HCDReactiveCocoa.app */ = {isa = PBXFileReference; explicitFileType = wrapper.application; includeInIndex = 0; path = HCDReactiveCocoa.app; sourceTree = BUILT_PRODUCTS_DIR; };
		4D3E05871BC3669A003E8A10 /* main.m */ = {isa = PBXFileReference; lastKnownFileType = sourcecode.c.objc; path = main.m; sourceTree = "<group>"; };
		4D3E05891BC3669A003E8A10 /* AppDelegate.h */ = {isa = PBXFileReference; lastKnownFileType = sourcecode.c.h; path = AppDelegate.h; sourceTree = "<group>"; };
		4D3E058A1BC3669A003E8A10 /* AppDelegate.m */ = {isa = PBXFileReference; lastKnownFileType = sourcecode.c.objc; path = AppDelegate.m; sourceTree = "<group>"; };
		4D3E058C1BC3669A003E8A10 /* ViewController.h */ = {isa = PBXFileReference; lastKnownFileType = sourcecode.c.h; path = ViewController.h; sourceTree = "<group>"; };
		4D3E058D1BC3669A003E8A10 /* ViewController.m */ = {isa = PBXFileReference; lastKnownFileType = sourcecode.c.objc; path = ViewController.m; sourceTree = "<group>"; };
		4D3E05901BC3669A003E8A10 /* Base */ = {isa = PBXFileReference; lastKnownFileType = file.storyboard; name = Base; path = Base.lproj/Main.storyboard; sourceTree = "<group>"; };
		4D3E05921BC3669A003E8A10 /* Assets.xcassets */ = {isa = PBXFileReference; lastKnownFileType = folder.assetcatalog; path = Assets.xcassets; sourceTree = "<group>"; };
		4D3E05951BC3669A003E8A10 /* Base */ = {isa = PBXFileReference; lastKnownFileType = file.storyboard; name = Base; path = Base.lproj/LaunchScreen.storyboard; sourceTree = "<group>"; };
		4D3E05971BC3669A003E8A10 /* Info.plist */ = {isa = PBXFileReference; lastKnownFileType = text.plist.xml; path = Info.plist; sourceTree = "<group>"; };
		4D3E059C1BC3669A003E8A10 /* HCDReactiveCocoaTests.xctest */ = {isa = PBXFileReference; explicitFileType = wrapper.cfbundle; includeInIndex = 0; path = HCDReactiveCocoaTests.xctest; sourceTree = BUILT_PRODUCTS_DIR; };
		4D3E05A01BC3669A003E8A10 /* HCDReactiveCocoaTests.m */ = {isa = PBXFileReference; lastKnownFileType = sourcecode.c.objc; path = HCDReactiveCocoaTests.m; sourceTree = "<group>"; };
		4D3E05A21BC3669A003E8A10 /* Info.plist */ = {isa = PBXFileReference; lastKnownFileType = text.plist.xml; path = Info.plist; sourceTree = "<group>"; };
		4D3E05A71BC3669A003E8A10 /* HCDReactiveCocoaUITests.xctest */ = {isa = PBXFileReference; explicitFileType = wrapper.cfbundle; includeInIndex = 0; path = HCDReactiveCocoaUITests.xctest; sourceTree = BUILT_PRODUCTS_DIR; };
		4D3E05AB1BC3669A003E8A10 /* HCDReactiveCocoaUITests.m */ = {isa = PBXFileReference; lastKnownFileType = sourcecode.c.objc; path = HCDReactiveCocoaUITests.m; sourceTree = "<group>"; };
		4D3E05AD1BC3669A003E8A10 /* Info.plist */ = {isa = PBXFileReference; lastKnownFileType = text.plist.xml; path = Info.plist; sourceTree = "<group>"; };
		4D5DA5321BC367FD00684451 /* HCDGalleryFlowLayout.h */ = {isa = PBXFileReference; fileEncoding = 4; lastKnownFileType = sourcecode.c.h; path = HCDGalleryFlowLayout.h; sourceTree = "<group>"; };
		4D5DA5331BC367FD00684451 /* HCDGalleryFlowLayout.m */ = {isa = PBXFileReference; fileEncoding = 4; lastKnownFileType = sourcecode.c.objc; path = HCDGalleryFlowLayout.m; sourceTree = "<group>"; };
		4D5DA5351BC3750300684451 /* PrefixHeader.pch */ = {isa = PBXFileReference; lastKnownFileType = sourcecode.c.h; path = PrefixHeader.pch; sourceTree = "<group>"; };
		4D5DA5361BC37C5200684451 /* HCDPhotoModel.h */ = {isa = PBXFileReference; fileEncoding = 4; lastKnownFileType = sourcecode.c.h; path = HCDPhotoModel.h; sourceTree = "<group>"; };
		4D5DA5371BC37C5200684451 /* HCDPhotoModel.m */ = {isa = PBXFileReference; fileEncoding = 4; lastKnownFileType = sourcecode.c.objc; path = HCDPhotoModel.m; sourceTree = "<group>"; };
		4D5DA5391BC37C9800684451 /* HCDPhotoImporter.h */ = {isa = PBXFileReference; fileEncoding = 4; lastKnownFileType = sourcecode.c.h; path = HCDPhotoImporter.h; sourceTree = "<group>"; };
		4D5DA53A1BC37C9800684451 /* HCDPhotoImporter.m */ = {isa = PBXFileReference; fileEncoding = 4; lastKnownFileType = sourcecode.c.objc; path = HCDPhotoImporter.m; sourceTree = "<group>"; };
		4DF07E8E1BC3679000BC2DBC /* HCDGalleryViewController.h */ = {isa = PBXFileReference; fileEncoding = 4; lastKnownFileType = sourcecode.c.h; path = HCDGalleryViewController.h; sourceTree = "<group>"; };
		4DF07E8F1BC3679000BC2DBC /* HCDGalleryViewController.m */ = {isa = PBXFileReference; fileEncoding = 4; lastKnownFileType = sourcecode.c.objc; path = HCDGalleryViewController.m; sourceTree = "<group>"; };
/* End PBXFileReference section */

/* Begin PBXFrameworksBuildPhase section */
		4D3E05801BC3669A003E8A10 /* Frameworks */ = {
			isa = PBXFrameworksBuildPhase;
			buildActionMask = 2147483647;
			files = (
				C89F90A8E939C40249CADA58 /* libPods-HCDReactiveCocoa.a in Frameworks */,
			);
			runOnlyForDeploymentPostprocessing = 0;
		};
		4D3E05991BC3669A003E8A10 /* Frameworks */ = {
			isa = PBXFrameworksBuildPhase;
			buildActionMask = 2147483647;
			files = (
			);
			runOnlyForDeploymentPostprocessing = 0;
		};
		4D3E05A41BC3669A003E8A10 /* Frameworks */ = {
			isa = PBXFrameworksBuildPhase;
			buildActionMask = 2147483647;
			files = (
			);
			runOnlyForDeploymentPostprocessing = 0;
		};
/* End PBXFrameworksBuildPhase section */

/* Begin PBXGroup section */
		23B71527F4BC8A1A97D836B4 /* Pods */ = {
			isa = PBXGroup;
			children = (
				10653CF09F619E86191D9EC3 /* Pods-HCDReactiveCocoa.debug.xcconfig */,
				0A18BFD88D426C1D153D1513 /* Pods-HCDReactiveCocoa.release.xcconfig */,
			);
			name = Pods;
			sourceTree = "<group>";
		};
		4D3E057A1BC3669A003E8A10 = {
			isa = PBXGroup;
			children = (
				4D3E05851BC3669A003E8A10 /* HCDReactiveCocoa */,
				4D3E059F1BC3669A003E8A10 /* HCDReactiveCocoaTests */,
				4D3E05AA1BC3669A003E8A10 /* HCDReactiveCocoaUITests */,
				4D3E05841BC3669A003E8A10 /* Products */,
				23B71527F4BC8A1A97D836B4 /* Pods */,
				D83CBA0FCE867963B4A56921 /* Frameworks */,
			);
			sourceTree = "<group>";
		};
		4D3E05841BC3669A003E8A10 /* Products */ = {
			isa = PBXGroup;
			children = (
				4D3E05831BC3669A003E8A10 /* HCDReactiveCocoa.app */,
				4D3E059C1BC3669A003E8A10 /* HCDReactiveCocoaTests.xctest */,
				4D3E05A71BC3669A003E8A10 /* HCDReactiveCocoaUITests.xctest */,
			);
			name = Products;
			sourceTree = "<group>";
		};
		4D3E05851BC3669A003E8A10 /* HCDReactiveCocoa */ = {
			isa = PBXGroup;
			children = (
				4D3E05891BC3669A003E8A10 /* AppDelegate.h */,
				4D3E058A1BC3669A003E8A10 /* AppDelegate.m */,
				4D3E058C1BC3669A003E8A10 /* ViewController.h */,
				4D3E058D1BC3669A003E8A10 /* ViewController.m */,
				4D3E058F1BC3669A003E8A10 /* Main.storyboard */,
				4D3E05921BC3669A003E8A10 /* Assets.xcassets */,
				4D3E05941BC3669A003E8A10 /* LaunchScreen.storyboard */,
				4D3E05971BC3669A003E8A10 /* Info.plist */,
				4D3E05861BC3669A003E8A10 /* Supporting Files */,
				4DF07E8E1BC3679000BC2DBC /* HCDGalleryViewController.h */,
				4DF07E8F1BC3679000BC2DBC /* HCDGalleryViewController.m */,
				4D5DA5321BC367FD00684451 /* HCDGalleryFlowLayout.h */,
				4D5DA5331BC367FD00684451 /* HCDGalleryFlowLayout.m */,
				4D5DA5361BC37C5200684451 /* HCDPhotoModel.h */,
				4D5DA5371BC37C5200684451 /* HCDPhotoModel.m */,
				4D5DA5391BC37C9800684451 /* HCDPhotoImporter.h */,
				4D5DA53A1BC37C9800684451 /* HCDPhotoImporter.m */,
			);
			path = HCDReactiveCocoa;
			sourceTree = "<group>";
		};
		4D3E05861BC3669A003E8A10 /* Supporting Files */ = {
			isa = PBXGroup;
			children = (
				4D3E05871BC3669A003E8A10 /* main.m */,
				4D5DA5351BC3750300684451 /* PrefixHeader.pch */,
			);
			name = "Supporting Files";
			sourceTree = "<group>";
		};
		4D3E059F1BC3669A003E8A10 /* HCDReactiveCocoaTests */ = {
			isa = PBXGroup;
			children = (
				4D3E05A01BC3669A003E8A10 /* HCDReactiveCocoaTests.m */,
				4D3E05A21BC3669A003E8A10 /* Info.plist */,
			);
			path = HCDReactiveCocoaTests;
			sourceTree = "<group>";
		};
		4D3E05AA1BC3669A003E8A10 /* HCDReactiveCocoaUITests */ = {
			isa = PBXGroup;
			children = (
				4D3E05AB1BC3669A003E8A10 /* HCDReactiveCocoaUITests.m */,
				4D3E05AD1BC3669A003E8A10 /* Info.plist */,
			);
			path = HCDReactiveCocoaUITests;
			sourceTree = "<group>";
		};
		D83CBA0FCE867963B4A56921 /* Frameworks */ = {
			isa = PBXGroup;
			children = (
				156DEC2B4853EDAA6F6E1C8A /* libPods-HCDReactiveCocoa.a */,
			);
			name = Frameworks;
			sourceTree = "<group>";
		};
/* End PBXGroup section */

/* Begin PBXNativeTarget section */
		4D3E05821BC3669A003E8A10 /* HCDReactiveCocoa */ = {
			isa = PBXNativeTarget;
			buildConfigurationList = 4D3E05B01BC3669A003E8A10 /* Build configuration list for PBXNativeTarget "HCDReactiveCocoa" */;
			buildPhases = (
				08EEA1187145AC51CC1BAE62 /* Check Pods Manifest.lock */,
				4D3E057F1BC3669A003E8A10 /* Sources */,
				4D3E05801BC3669A003E8A10 /* Frameworks */,
				4D3E05811BC3669A003E8A10 /* Resources */,
				2F054604F5FECFAAB4899EBC /* Copy Pods Resources */,
			);
			buildRules = (
			);
			dependencies = (
			);
			name = HCDReactiveCocoa;
			productName = HCDReactiveCocoa;
			productReference = 4D3E05831BC3669A003E8A10 /* HCDReactiveCocoa.app */;
			productType = "com.apple.product-type.application";
		};
		4D3E059B1BC3669A003E8A10 /* HCDReactiveCocoaTests */ = {
			isa = PBXNativeTarget;
			buildConfigurationList = 4D3E05B31BC3669A003E8A10 /* Build configuration list for PBXNativeTarget "HCDReactiveCocoaTests" */;
			buildPhases = (
				4D3E05981BC3669A003E8A10 /* Sources */,
				4D3E05991BC3669A003E8A10 /* Frameworks */,
				4D3E059A1BC3669A003E8A10 /* Resources */,
			);
			buildRules = (
			);
			dependencies = (
				4D3E059E1BC3669A003E8A10 /* PBXTargetDependency */,
			);
			name = HCDReactiveCocoaTests;
			productName = HCDReactiveCocoaTests;
			productReference = 4D3E059C1BC3669A003E8A10 /* HCDReactiveCocoaTests.xctest */;
			productType = "com.apple.product-type.bundle.unit-test";
		};
		4D3E05A61BC3669A003E8A10 /* HCDReactiveCocoaUITests */ = {
			isa = PBXNativeTarget;
			buildConfigurationList = 4D3E05B61BC3669A003E8A10 /* Build configuration list for PBXNativeTarget "HCDReactiveCocoaUITests" */;
			buildPhases = (
				4D3E05A31BC3669A003E8A10 /* Sources */,
				4D3E05A41BC3669A003E8A10 /* Frameworks */,
				4D3E05A51BC3669A003E8A10 /* Resources */,
			);
			buildRules = (
			);
			dependencies = (
				4D3E05A91BC3669A003E8A10 /* PBXTargetDependency */,
			);
			name = HCDReactiveCocoaUITests;
			productName = HCDReactiveCocoaUITests;
			productReference = 4D3E05A71BC3669A003E8A10 /* HCDReactiveCocoaUITests.xctest */;
			productType = "com.apple.product-type.bundle.ui-testing";
		};
/* End PBXNativeTarget section */

/* Begin PBXProject section */
		4D3E057B1BC3669A003E8A10 /* Project object */ = {
			isa = PBXProject;
			attributes = {
				LastUpgradeCheck = 0700;
				ORGANIZATIONNAME = "黄成都";
				TargetAttributes = {
					4D3E05821BC3669A003E8A10 = {
						CreatedOnToolsVersion = 7.0;
					};
					4D3E059B1BC3669A003E8A10 = {
						CreatedOnToolsVersion = 7.0;
						TestTargetID = 4D3E05821BC3669A003E8A10;
					};
					4D3E05A61BC3669A003E8A10 = {
						CreatedOnToolsVersion = 7.0;
						TestTargetID = 4D3E05821BC3669A003E8A10;
					};
				};
			};
			buildConfigurationList = 4D3E057E1BC3669A003E8A10 /* Build configuration list for PBXProject "HCDReactiveCocoa" */;
			compatibilityVersion = "Xcode 3.2";
			developmentRegion = English;
			hasScannedForEncodings = 0;
			knownRegions = (
				en,
				Base,
			);
			mainGroup = 4D3E057A1BC3669A003E8A10;
			productRefGroup = 4D3E05841BC3669A003E8A10 /* Products */;
			projectDirPath = "";
			projectRoot = "";
			targets = (
				4D3E05821BC3669A003E8A10 /* HCDReactiveCocoa */,
				4D3E059B1BC3669A003E8A10 /* HCDReactiveCocoaTests */,
				4D3E05A61BC3669A003E8A10 /* HCDReactiveCocoaUITests */,
			);
		};
/* End PBXProject section */

/* Begin PBXResourcesBuildPhase section */
		4D3E05811BC3669A003E8A10 /* Resources */ = {
			isa = PBXResourcesBuildPhase;
			buildActionMask = 2147483647;
			files = (
				4D3E05961BC3669A003E8A10 /* LaunchScreen.storyboard in Resources */,
				4D3E05931BC3669A003E8A10 /* Assets.xcassets in Resources */,
				4D3E05911BC3669A003E8A10 /* Main.storyboard in Resources */,
			);
			runOnlyForDeploymentPostprocessing = 0;
		};
		4D3E059A1BC3669A003E8A10 /* Resources */ = {
			isa = PBXResourcesBuildPhase;
			buildActionMask = 2147483647;
			files = (
			);
			runOnlyForDeploymentPostprocessing = 0;
		};
		4D3E05A51BC3669A003E8A10 /* Resources */ = {
			isa = PBXResourcesBuildPhase;
			buildActionMask = 2147483647;
			files = (
			);
			runOnlyForDeploymentPostprocessing = 0;
		};
/* End PBXResourcesBuildPhase section */

/* Begin PBXShellScriptBuildPhase section */
		08EEA1187145AC51CC1BAE62 /* Check Pods Manifest.lock */ = {
			isa = PBXShellScriptBuildPhase;
			buildActionMask = 2147483647;
			files = (
			);
			inputPaths = (
			);
			name = "Check Pods Manifest.lock";
			outputPaths = (
			);
			runOnlyForDeploymentPostprocessing = 0;
			shellPath = /bin/sh;
			shellScript = "diff \"${PODS_ROOT}/../Podfile.lock\" \"${PODS_ROOT}/Manifest.lock\" > /dev/null\nif [[ $? != 0 ]] ; then\n    cat << EOM\nerror: The sandbox is not in sync with the Podfile.lock. Run 'pod install' or update your CocoaPods installation.\nEOM\n    exit 1\nfi\n";
			showEnvVarsInLog = 0;
		};
		2F054604F5FECFAAB4899EBC /* Copy Pods Resources */ = {
			isa = PBXShellScriptBuildPhase;
			buildActionMask = 2147483647;
			files = (
			);
			inputPaths = (
			);
			name = "Copy Pods Resources";
			outputPaths = (
			);
			runOnlyForDeploymentPostprocessing = 0;
			shellPath = /bin/sh;
			shellScript = "\"${SRCROOT}/Pods/Target Support Files/Pods-HCDReactiveCocoa/Pods-HCDReactiveCocoa-resources.sh\"\n";
			showEnvVarsInLog = 0;
		};
/* End PBXShellScriptBuildPhase section */

/* Begin PBXSourcesBuildPhase section */
		4D3E057F1BC3669A003E8A10 /* Sources */ = {
			isa = PBXSourcesBuildPhase;
			buildActionMask = 2147483647;
			files = (
				4D5DA53B1BC37C9800684451 /* HCDPhotoImporter.m in Sources */,
				4D5DA5381BC37C5200684451 /* HCDPhotoModel.m in Sources */,
				4D3E058E1BC3669A003E8A10 /* ViewController.m in Sources */,
				4D3E058B1BC3669A003E8A10 /* AppDelegate.m in Sources */,
				4D5DA5341BC367FD00684451 /* HCDGalleryFlowLayout.m in Sources */,
				4D3E05881BC3669A003E8A10 /* main.m in Sources */,
				4DF07E901BC3679000BC2DBC /* HCDGalleryViewController.m in Sources */,
			);
			runOnlyForDeploymentPostprocessing = 0;
		};
		4D3E05981BC3669A003E8A10 /* Sources */ = {
			isa = PBXSourcesBuildPhase;
			buildActionMask = 2147483647;
			files = (
				4D3E05A11BC3669A003E8A10 /* HCDReactiveCocoaTests.m in Sources */,
			);
			runOnlyForDeploymentPostprocessing = 0;
		};
		4D3E05A31BC3669A003E8A10 /* Sources */ = {
			isa = PBXSourcesBuildPhase;
			buildActionMask = 2147483647;
			files = (
				4D3E05AC1BC3669A003E8A10 /* HCDReactiveCocoaUITests.m in Sources */,
			);
			runOnlyForDeploymentPostprocessing = 0;
		};
/* End PBXSourcesBuildPhase section */

/* Begin PBXTargetDependency section */
		4D3E059E1BC3669A003E8A10 /* PBXTargetDependency */ = {
			isa = PBXTargetDependency;
			target = 4D3E05821BC3669A003E8A10 /* HCDReactiveCocoa */;
			targetProxy = 4D3E059D1BC3669A003E8A10 /* PBXContainerItemProxy */;
		};
		4D3E05A91BC3669A003E8A10 /* PBXTargetDependency */ = {
			isa = PBXTargetDependency;
			target = 4D3E05821BC3669A003E8A10 /* HCDReactiveCocoa */;
			targetProxy = 4D3E05A81BC3669A003E8A10 /* PBXContainerItemProxy */;
		};
/* End PBXTargetDependency section */

/* Begin PBXVariantGroup section */
		4D3E058F1BC3669A003E8A10 /* Main.storyboard */ = {
			isa = PBXVariantGroup;
			children = (
				4D3E05901BC3669A003E8A10 /* Base */,
			);
			name = Main.storyboard;
			sourceTree = "<group>";
		};
		4D3E05941BC3669A003E8A10 /* LaunchScreen.storyboard */ = {
			isa = PBXVariantGroup;
			children = (
				4D3E05951BC3669A003E8A10 /* Base */,
			);
			name = LaunchScreen.storyboard;
			sourceTree = "<group>";
		};
/* End PBXVariantGroup section */

/* Begin XCBuildConfiguration section */
		4D3E05AE1BC3669A003E8A10 /* Debug */ = {
			isa = XCBuildConfiguration;
			buildSettings = {
				ALWAYS_SEARCH_USER_PATHS = NO;
				CLANG_CXX_LANGUAGE_STANDARD = "gnu++0x";
				CLANG_CXX_LIBRARY = "libc++";
				CLANG_ENABLE_MODULES = YES;
				CLANG_ENABLE_OBJC_ARC = YES;
				CLANG_WARN_BOOL_CONVERSION = YES;
				CLANG_WARN_CONSTANT_CONVERSION = YES;
				CLANG_WARN_DIRECT_OBJC_ISA_USAGE = YES_ERROR;
				CLANG_WARN_EMPTY_BODY = YES;
				CLANG_WARN_ENUM_CONVERSION = YES;
				CLANG_WARN_INT_CONVERSION = YES;
				CLANG_WARN_OBJC_ROOT_CLASS = YES_ERROR;
				CLANG_WARN_UNREACHABLE_CODE = YES;
				CLANG_WARN__DUPLICATE_METHOD_MATCH = YES;
				"CODE_SIGN_IDENTITY[sdk=iphoneos*]" = "iPhone Developer";
				COPY_PHASE_STRIP = NO;
				DEBUG_INFORMATION_FORMAT = dwarf;
				ENABLE_STRICT_OBJC_MSGSEND = YES;
				ENABLE_TESTABILITY = YES;
				GCC_C_LANGUAGE_STANDARD = gnu99;
				GCC_DYNAMIC_NO_PIC = NO;
				GCC_NO_COMMON_BLOCKS = YES;
				GCC_OPTIMIZATION_LEVEL = 0;
				GCC_PREPROCESSOR_DEFINITIONS = (
					"DEBUG=1",
					"$(inherited)",
				);
				GCC_WARN_64_TO_32_BIT_CONVERSION = YES;
				GCC_WARN_ABOUT_RETURN_TYPE = YES_ERROR;
				GCC_WARN_UNDECLARED_SELECTOR = YES;
				GCC_WARN_UNINITIALIZED_AUTOS = YES_AGGRESSIVE;
				GCC_WARN_UNUSED_FUNCTION = YES;
				GCC_WARN_UNUSED_VARIABLE = YES;
				IPHONEOS_DEPLOYMENT_TARGET = 9.0;
				MTL_ENABLE_DEBUG_INFO = YES;
				ONLY_ACTIVE_ARCH = YES;
				SDKROOT = iphoneos;
				TARGETED_DEVICE_FAMILY = "1,2";
			};
			name = Debug;
		};
		4D3E05AF1BC3669A003E8A10 /* Release */ = {
			isa = XCBuildConfiguration;
			buildSettings = {
				ALWAYS_SEARCH_USER_PATHS = NO;
				CLANG_CXX_LANGUAGE_STANDARD = "gnu++0x";
				CLANG_CXX_LIBRARY = "libc++";
				CLANG_ENABLE_MODULES = YES;
				CLANG_ENABLE_OBJC_ARC = YES;
				CLANG_WARN_BOOL_CONVERSION = YES;
				CLANG_WARN_CONSTANT_CONVERSION = YES;
				CLANG_WARN_DIRECT_OBJC_ISA_USAGE = YES_ERROR;
				CLANG_WARN_EMPTY_BODY = YES;
				CLANG_WARN_ENUM_CONVERSION = YES;
				CLANG_WARN_INT_CONVERSION = YES;
				CLANG_WARN_OBJC_ROOT_CLASS = YES_ERROR;
				CLANG_WARN_UNREACHABLE_CODE = YES;
				CLANG_WARN__DUPLICATE_METHOD_MATCH = YES;
				"CODE_SIGN_IDENTITY[sdk=iphoneos*]" = "iPhone Developer";
				COPY_PHASE_STRIP = NO;
				DEBUG_INFORMATION_FORMAT = "dwarf-with-dsym";
				ENABLE_NS_ASSERTIONS = NO;
				ENABLE_STRICT_OBJC_MSGSEND = YES;
				GCC_C_LANGUAGE_STANDARD = gnu99;
				GCC_NO_COMMON_BLOCKS = YES;
				GCC_WARN_64_TO_32_BIT_CONVERSION = YES;
				GCC_WARN_ABOUT_RETURN_TYPE = YES_ERROR;
				GCC_WARN_UNDECLARED_SELECTOR = YES;
				GCC_WARN_UNINITIALIZED_AUTOS = YES_AGGRESSIVE;
				GCC_WARN_UNUSED_FUNCTION = YES;
				GCC_WARN_UNUSED_VARIABLE = YES;
				IPHONEOS_DEPLOYMENT_TARGET = 9.0;
				MTL_ENABLE_DEBUG_INFO = NO;
				SDKROOT = iphoneos;
				TARGETED_DEVICE_FAMILY = "1,2";
				VALIDATE_PRODUCT = YES;
			};
			name = Release;
		};
		4D3E05B11BC3669A003E8A10 /* Debug */ = {
			isa = XCBuildConfiguration;
			baseConfigurationReference = 10653CF09F619E86191D9EC3 /* Pods-HCDReactiveCocoa.debug.xcconfig */;
			buildSettings = {
				ASSETCATALOG_COMPILER_APPICON_NAME = AppIcon;
				GCC_PREFIX_HEADER = "$(SRCROOT)/HCDReactiveCocoa/PrefixHeader.pch";
				INFOPLIST_FILE = HCDReactiveCocoa/Info.plist;
				LD_RUNPATH_SEARCH_PATHS = "$(inherited) @executable_path/Frameworks";
				PRODUCT_BUNDLE_IDENTIFIER = "---.HCDReactiveCocoa";
				PRODUCT_NAME = "$(TARGET_NAME)";
			};
			name = Debug;
		};
		4D3E05B21BC3669A003E8A10 /* Release */ = {
			isa = XCBuildConfiguration;
			baseConfigurationReference = 0A18BFD88D426C1D153D1513 /* Pods-HCDReactiveCocoa.release.xcconfig */;
			buildSettings = {
				ASSETCATALOG_COMPILER_APPICON_NAME = AppIcon;
				GCC_PREFIX_HEADER = "$(SRCROOT)/HCDReactiveCocoa/PrefixHeader.pch";
				INFOPLIST_FILE = HCDReactiveCocoa/Info.plist;
				LD_RUNPATH_SEARCH_PATHS = "$(inherited) @executable_path/Frameworks";
				PRODUCT_BUNDLE_IDENTIFIER = "---.HCDReactiveCocoa";
				PRODUCT_NAME = "$(TARGET_NAME)";
			};
			name = Release;
		};
		4D3E05B41BC3669A003E8A10 /* Debug */ = {
			isa = XCBuildConfiguration;
			buildSettings = {
				BUNDLE_LOADER = "$(TEST_HOST)";
				INFOPLIST_FILE = HCDReactiveCocoaTests/Info.plist;
				LD_RUNPATH_SEARCH_PATHS = "$(inherited) @executable_path/Frameworks @loader_path/Frameworks";
				PRODUCT_BUNDLE_IDENTIFIER = "---.HCDReactiveCocoaTests";
				PRODUCT_NAME = "$(TARGET_NAME)";
				TEST_HOST = "$(BUILT_PRODUCTS_DIR)/HCDReactiveCocoa.app/HCDReactiveCocoa";
			};
			name = Debug;
		};
		4D3E05B51BC3669A003E8A10 /* Release */ = {
			isa = XCBuildConfiguration;
			buildSettings = {
				BUNDLE_LOADER = "$(TEST_HOST)";
				INFOPLIST_FILE = HCDReactiveCocoaTests/Info.plist;
				LD_RUNPATH_SEARCH_PATHS = "$(inherited) @executable_path/Frameworks @loader_path/Frameworks";
				PRODUCT_BUNDLE_IDENTIFIER = "---.HCDReactiveCocoaTests";
				PRODUCT_NAME = "$(TARGET_NAME)";
				TEST_HOST = "$(BUILT_PRODUCTS_DIR)/HCDReactiveCocoa.app/HCDReactiveCocoa";
			};
			name = Release;
		};
		4D3E05B71BC3669A003E8A10 /* Debug */ = {
			isa = XCBuildConfiguration;
			buildSettings = {
				INFOPLIST_FILE = HCDReactiveCocoaUITests/Info.plist;
				LD_RUNPATH_SEARCH_PATHS = "$(inherited) @executable_path/Frameworks @loader_path/Frameworks";
				PRODUCT_BUNDLE_IDENTIFIER = "---.HCDReactiveCocoaUITests";
				PRODUCT_NAME = "$(TARGET_NAME)";
				TEST_TARGET_NAME = HCDReactiveCocoa;
				USES_XCTRUNNER = YES;
			};
			name = Debug;
		};
		4D3E05B81BC3669A003E8A10 /* Release */ = {
			isa = XCBuildConfiguration;
			buildSettings = {
				INFOPLIST_FILE = HCDReactiveCocoaUITests/Info.plist;
				LD_RUNPATH_SEARCH_PATHS = "$(inherited) @executable_path/Frameworks @loader_path/Frameworks";
				PRODUCT_BUNDLE_IDENTIFIER = "---.HCDReactiveCocoaUITests";
				PRODUCT_NAME = "$(TARGET_NAME)";
				TEST_TARGET_NAME = HCDReactiveCocoa;
				USES_XCTRUNNER = YES;
			};
			name = Release;
		};
/* End XCBuildConfiguration section */

/* Begin XCConfigurationList section */
		4D3E057E1BC3669A003E8A10 /* Build configuration list for PBXProject "HCDReactiveCocoa" */ = {
			isa = XCConfigurationList;
			buildConfigurations = (
				4D3E05AE1BC3669A003E8A10 /* Debug */,
				4D3E05AF1BC3669A003E8A10 /* Release */,
			);
			defaultConfigurationIsVisible = 0;
			defaultConfigurationName = Release;
		};
		4D3E05B01BC3669A003E8A10 /* Build configuration list for PBXNativeTarget "HCDReactiveCocoa" */ = {
			isa = XCConfigurationList;
			buildConfigurations = (
				4D3E05B11BC3669A003E8A10 /* Debug */,
				4D3E05B21BC3669A003E8A10 /* Release */,
			);
			defaultConfigurationIsVisible = 0;
			defaultConfigurationName = Release;
		};
		4D3E05B31BC3669A003E8A10 /* Build configuration list for PBXNativeTarget "HCDReactiveCocoaTests" */ = {
			isa = XCConfigurationList;
			buildConfigurations = (
				4D3E05B41BC3669A003E8A10 /* Debug */,
				4D3E05B51BC3669A003E8A10 /* Release */,
			);
			defaultConfigurationIsVisible = 0;
			defaultConfigurationName = Release;
		};
		4D3E05B61BC3669A003E8A10 /* Build configuration list for PBXNativeTarget "HCDReactiveCocoaUITests" */ = {
			isa = XCConfigurationList;
			buildConfigurations = (
				4D3E05B71BC3669A003E8A10 /* Debug */,
				4D3E05B81BC3669A003E8A10 /* Release */,
			);
			defaultConfigurationIsVisible = 0;
			defaultConfigurationName = Release;
		};
/* End XCConfigurationList section */
	};
	rootObject = 4D3E057B1BC3669A003E8A10 /* Project object */;
}
